
Microsoft Visual Studio Solution File, Format Version 12.00
# Visual Studio Version 16
VisualStudioVersion = 16.0.30114.105
MinimumVisualStudioVersion = 10.0.40219.1
Project("{FAE04EC0-301F-11D3-BF4B-00C04F79EFBC}") = "AccuSwayPlusLib", "AccuSwayPlusLib\AccuSwayPlusLib.csproj", "{5E5BE0E8-C2D6-42ED-8009-1753B29984EB}"
EndProject
Project("{FAE04EC0-301F-11D3-BF4B-00C04F79EFBC}") = "AccuSwayPlusLib.Tests", "AccuSwayPlusLib.Tests\AccuSwayPlusLib.Tests.csproj", "{60156557-FB86-46CB-947E-07B4EC4A54A5}"
EndProject
Project("{FAE04EC0-301F-11D3-BF4B-00C04F79EFBC}") = "AccuSwayPlusLivePlotter", "AccuSwayPlusLivePlotter\AccuSwayPlusLivePlotter.csproj", "{6A6A7A33-7986-430B-A9CA-11467D38CF2F}"
EndProject
Global
	GlobalSection(SolutionConfigurationPlatforms) = preSolution
		Debug|Any CPU = Debug|Any CPU
		Debug|x64 = Debug|x64
		Debug|x86 = Debug|x86
		Release|Any CPU = Release|Any CPU
		Release|x64 = Release|x64
		Release|x86 = Release|x86
	EndGlobalSection
	GlobalSection(SolutionProperties) = preSolution
		HideSolutionNode = FALSE
	EndGlobalSection
	GlobalSection(ProjectConfigurationPlatforms) = postSolution
		{5E5BE0E8-C2D6-42ED-8009-1753B29984EB}.Debug|Any CPU.ActiveCfg = Debug|Any CPU
		{5E5BE0E8-C2D6-42ED-8009-1753B29984EB}.Debug|Any CPU.Build.0 = Debug|Any CPU
		{5E5BE0E8-C2D6-42ED-8009-1753B29984EB}.Debug|x64.ActiveCfg = Debug|Any CPU
		{5E5BE0E8-C2D6-42ED-8009-1753B29984EB}.Debug|x64.Build.0 = Debug|Any CPU
		{5E5BE0E8-C2D6-42ED-8009-1753B29984EB}.Debug|x86.ActiveCfg = Debug|Any CPU
		{5E5BE0E8-C2D6-42ED-8009-1753B29984EB}.Debug|x86.Build.0 = Debug|Any CPU
		{5E5BE0E8-C2D6-42ED-8009-1753B29984EB}.Release|Any CPU.ActiveCfg = Release|Any CPU
		{5E5BE0E8-C2D6-42ED-8009-1753B29984EB}.Release|Any CPU.Build.0 = Release|Any CPU
		{5E5BE0E8-C2D6-42ED-8009-1753B29984EB}.Release|x64.ActiveCfg = Release|Any CPU
		{5E5BE0E8-C2D6-42ED-8009-1753B29984EB}.Release|x64.Build.0 = Release|Any CPU
		{5E5BE0E8-C2D6-42ED-8009-1753B29984EB}.Release|x86.ActiveCfg = Release|Any CPU
		{5E5BE0E8-C2D6-42ED-8009-1753B29984EB}.Release|x86.Build.0 = Release|Any CPU
		{60156557-FB86-46CB-947E-07B4EC4A54A5}.Debug|Any CPU.ActiveCfg = Debug|Any CPU
		{60156557-FB86-46CB-947E-07B4EC4A54A5}.Debug|Any CPU.Build.0 = Debug|Any CPU
		{60156557-FB86-46CB-947E-07B4EC4A54A5}.Debug|x64.ActiveCfg = Debug|Any CPU
		{60156557-FB86-46CB-947E-07B4EC4A54A5}.Debug|x64.Build.0 = Debug|Any CPU
		{60156557-FB86-46CB-947E-07B4EC4A54A5}.Debug|x86.ActiveCfg = Debug|Any CPU
		{60156557-FB86-46CB-947E-07B4EC4A54A5}.Debug|x86.Build.0 = Debug|Any CPU
		{60156557-FB86-46CB-947E-07B4EC4A54A5}.Release|Any CPU.ActiveCfg = Release|Any CPU
		{60156557-FB86-46CB-947E-07B4EC4A54A5}.Release|Any CPU.Build.0 = Release|Any CPU
		{60156557-FB86-46CB-947E-07B4EC4A54A5}.Release|x64.ActiveCfg = Release|Any CPU
		{60156557-FB86-46CB-947E-07B4EC4A54A5}.Release|x64.Build.0 = Release|Any CPU
		{60156557-FB86-46CB-947E-07B4EC4A54A5}.Release|x86.ActiveCfg = Release|Any CPU
		{60156557-FB86-46CB-947E-07B4EC4A54A5}.Release|x86.Build.0 = Release|Any CPU
		{6A6A7A33-7986-430B-A9CA-11467D38CF2F}.Debug|Any CPU.ActiveCfg = Debug|Any CPU
		{6A6A7A33-7986-430B-A9CA-11467D38CF2F}.Debug|Any CPU.Build.0 = Debug|Any CPU
		{6A6A7A33-7986-430B-A9CA-11467D38CF2F}.Debug|x64.ActiveCfg = Debug|Any CPU
		{6A6A7A33-7986-430B-A9CA-11467D38CF2F}.Debug|x64.Build.0 = Debug|Any CPU
		{6A6A7A33-7986-430B-A9CA-11467D38CF2F}.Debug|x86.ActiveCfg = Debug|Any CPU
		{6A6A7A33-7986-430B-A9CA-11467D38CF2F}.Debug|x86.Build.0 = Debug|Any CPU
		{6A6A7A33-7986-430B-A9CA-11467D38CF2F}.Release|Any CPU.ActiveCfg = Release|Any CPU
		{6A6A7A33-7986-430B-A9CA-11467D38CF2F}.Release|Any CPU.Build.0 = Release|Any CPU
		{6A6A7A33-7986-430B-A9CA-11467D38CF2F}.Release|x64.ActiveCfg = Release|Any CPU
		{6A6A7A33-7986-430B-A9CA-11467D38CF2F}.Release|x64.Build.0 = Release|Any CPU
		{6A6A7A33-7986-430B-A9CA-11467D38CF2F}.Release|x86.ActiveCfg = Release|Any CPU
		{6A6A7A33-7986-430B-A9CA-11467D38CF2F}.Release|x86.Build.0 = Release|Any CPU
	EndGlobalSection
EndGlobal
